
Microsoft Visual Studio Solution File, Format Version 12.00
# Visual Studio Version 16
VisualStudioVersion = 16.0.30104.148
MinimumVisualStudioVersion = 10.0.40219.1
Project("{FAE04EC0-301F-11D3-BF4B-00C04F79EFBC}") = "HenGioTatMayTinh", "HenGioTatMayTinh\HenGioTatMayTinh.csproj", "{B2B0BE44-BCFF-416E-8638-90DEBC7EDEE4}"
EndProject
Global
	GlobalSection(SolutionConfigurationPlatforms) = preSolution
		Debug|Any CPU = Debug|Any CPU
		Release|Any CPU = Release|Any CPU
	EndGlobalSection
	GlobalSection(ProjectConfigurationPlatforms) = postSolution
		{B2B0BE44-BCFF-416E-8638-90DEBC7EDEE4}.Debug|Any CPU.ActiveCfg = Debug|Any CPU
		{B2B0BE44-BCFF-416E-8638-90DEBC7EDEE4}.Debug|Any CPU.Build.0 = Debug|Any CPU
		{B2B0BE44-BCFF-416E-8638-90DEBC7EDEE4}.Release|Any CPU.ActiveCfg = Release|Any CPU
		{B2B0BE44-BCFF-416E-8638-90DEBC7EDEE4}.Release|Any CPU.Build.0 = Release|Any CPU
	EndGlobalSection
	GlobalSection(SolutionProperties) = preSolution
		HideSolutionNode = FALSE
	EndGlobalSection
	GlobalSection(ExtensibilityGlobals) = postSolution
		SolutionGuid = {991A9015-7A7C-44F6-B318-3F176DBAE2E8}
	EndGlobalSection
EndGlobal
